
Microsoft Visual Studio Solution File, Format Version 12.00
# Visual Studio Version 17
VisualStudioVersion = 17.6.33815.320
MinimumVisualStudioVersion = 10.0.40219.1
Project("{FAE04EC0-301F-11D3-BF4B-00C04F79EFBC}") = "Workaround", "Workaround\Workaround.csproj", "{7478F485-E506-43EA-9D92-C8B171ED07A8}"
EndProject
Project("{FAE04EC0-301F-11D3-BF4B-00C04F79EFBC}") = "Entities", "Entities\Entities.csproj", "{6CDDA5E8-C33B-4E75-9ACD-7A922BC9FE2A}"
EndProject
Project("{FAE04EC0-301F-11D3-BF4B-00C04F79EFBC}") = "Business", "Business\Business.csproj", "{79121039-FC5D-459D-A0E5-0FB28F540F62}"
EndProject
Global
	GlobalSection(SolutionConfigurationPlatforms) = preSolution
		Debug|Any CPU = Debug|Any CPU
		Release|Any CPU = Release|Any CPU
	EndGlobalSection
	GlobalSection(ProjectConfigurationPlatforms) = postSolution
		{7478F485-E506-43EA-9D92-C8B171ED07A8}.Debug|Any CPU.ActiveCfg = Debug|Any CPU
		{7478F485-E506-43EA-9D92-C8B171ED07A8}.Debug|Any CPU.Build.0 = Debug|Any CPU
		{7478F485-E506-43EA-9D92-C8B171ED07A8}.Release|Any CPU.ActiveCfg = Release|Any CPU
		{7478F485-E506-43EA-9D92-C8B171ED07A8}.Release|Any CPU.Build.0 = Release|Any CPU
		{6CDDA5E8-C33B-4E75-9ACD-7A922BC9FE2A}.Debug|Any CPU.ActiveCfg = Debug|Any CPU
		{6CDDA5E8-C33B-4E75-9ACD-7A922BC9FE2A}.Debug|Any CPU.Build.0 = Debug|Any CPU
		{6CDDA5E8-C33B-4E75-9ACD-7A922BC9FE2A}.Release|Any CPU.ActiveCfg = Release|Any CPU
		{6CDDA5E8-C33B-4E75-9ACD-7A922BC9FE2A}.Release|Any CPU.Build.0 = Release|Any CPU
		{79121039-FC5D-459D-A0E5-0FB28F540F62}.Debug|Any CPU.ActiveCfg = Debug|Any CPU
		{79121039-FC5D-459D-A0E5-0FB28F540F62}.Debug|Any CPU.Build.0 = Debug|Any CPU
		{79121039-FC5D-459D-A0E5-0FB28F540F62}.Release|Any CPU.ActiveCfg = Release|Any CPU
		{79121039-FC5D-459D-A0E5-0FB28F540F62}.Release|Any CPU.Build.0 = Release|Any CPU
	EndGlobalSection
	GlobalSection(SolutionProperties) = preSolution
		HideSolutionNode = FALSE
	EndGlobalSection
	GlobalSection(ExtensibilityGlobals) = postSolution
		SolutionGuid = {FCFC384E-9B7A-4F93-9DE3-37AA9FE5558D}
	EndGlobalSection
EndGlobal
